
Microsoft Visual Studio Solution File, Format Version 12.00
# Visual Studio Version 16
VisualStudioVersion = 16.0.31515.178
MinimumVisualStudioVersion = 10.0.40219.1
Project("{9A19103F-16F7-4668-BE54-9A1E7A4F7556}") = "PracticalMicroservices", "PracticalMicroservices.csproj", "{0178C969-59F0-47DB-9361-A8AD825CBF13}"
EndProject
Project("{FAE04EC0-301F-11D3-BF4B-00C04F79EFBC}") = "PracticalMicroservices.Events", "..\PracticalMicroservices.Events\PracticalMicroservices.Events.csproj", "{2BA66429-09C0-4CF5-86CB-6500A80230B3}"
EndProject
Global
	GlobalSection(SolutionConfigurationPlatforms) = preSolution
		Debug|Any CPU = Debug|Any CPU
		Release|Any CPU = Release|Any CPU
	EndGlobalSection
	GlobalSection(ProjectConfigurationPlatforms) = postSolution
		{0178C969-59F0-47DB-9361-A8AD825CBF13}.Debug|Any CPU.ActiveCfg = Debug|Any CPU
		{0178C969-59F0-47DB-9361-A8AD825CBF13}.Debug|Any CPU.Build.0 = Debug|Any CPU
		{0178C969-59F0-47DB-9361-A8AD825CBF13}.Release|Any CPU.ActiveCfg = Release|Any CPU
		{0178C969-59F0-47DB-9361-A8AD825CBF13}.Release|Any CPU.Build.0 = Release|Any CPU
		{2BA66429-09C0-4CF5-86CB-6500A80230B3}.Debug|Any CPU.ActiveCfg = Debug|Any CPU
		{2BA66429-09C0-4CF5-86CB-6500A80230B3}.Debug|Any CPU.Build.0 = Debug|Any CPU
		{2BA66429-09C0-4CF5-86CB-6500A80230B3}.Release|Any CPU.ActiveCfg = Release|Any CPU
		{2BA66429-09C0-4CF5-86CB-6500A80230B3}.Release|Any CPU.Build.0 = Release|Any CPU
	EndGlobalSection
	GlobalSection(SolutionProperties) = preSolution
		HideSolutionNode = FALSE
	EndGlobalSection
	GlobalSection(ExtensibilityGlobals) = postSolution
		SolutionGuid = {34F7BB3F-6FD6-4F7D-91E1-1B9CA8140B07}
	EndGlobalSection
EndGlobal
